
Microsoft Visual Studio Solution File, Format Version 12.00
# Visual Studio Version 17
VisualStudioVersion = 17.4.33122.133
MinimumVisualStudioVersion = 10.0.40219.1
Project("{9A19103F-16F7-4668-BE54-9A1E7A4F7556}") = "BookManagerDAL", "BookManagerDAL\BookManagerDAL.csproj", "{0096552A-511B-459F-B836-5BBAE042EFDE}"
EndProject
Project("{9A19103F-16F7-4668-BE54-9A1E7A4F7556}") = "BookManagerBUS", "BookManagerBUS\BookManagerBUS.csproj", "{554687C5-ECF0-4532-B46F-F39C2AAA45B3}"
EndProject
Project("{FAE04EC0-301F-11D3-BF4B-00C04F79EFBC}") = "BookManagerAPI", "BookManagerAPI\BookManagerAPI.csproj", "{17FAC2C0-7AC7-4F16-A26E-28BBCACEF81F}"
EndProject
Global
	GlobalSection(SolutionConfigurationPlatforms) = preSolution
		Debug|Any CPU = Debug|Any CPU
		Release|Any CPU = Release|Any CPU
	EndGlobalSection
	GlobalSection(ProjectConfigurationPlatforms) = postSolution
		{0096552A-511B-459F-B836-5BBAE042EFDE}.Debug|Any CPU.ActiveCfg = Debug|Any CPU
		{0096552A-511B-459F-B836-5BBAE042EFDE}.Debug|Any CPU.Build.0 = Debug|Any CPU
		{0096552A-511B-459F-B836-5BBAE042EFDE}.Release|Any CPU.ActiveCfg = Release|Any CPU
		{0096552A-511B-459F-B836-5BBAE042EFDE}.Release|Any CPU.Build.0 = Release|Any CPU
		{554687C5-ECF0-4532-B46F-F39C2AAA45B3}.Debug|Any CPU.ActiveCfg = Debug|Any CPU
		{554687C5-ECF0-4532-B46F-F39C2AAA45B3}.Debug|Any CPU.Build.0 = Debug|Any CPU
		{554687C5-ECF0-4532-B46F-F39C2AAA45B3}.Release|Any CPU.ActiveCfg = Release|Any CPU
		{554687C5-ECF0-4532-B46F-F39C2AAA45B3}.Release|Any CPU.Build.0 = Release|Any CPU
		{17FAC2C0-7AC7-4F16-A26E-28BBCACEF81F}.Debug|Any CPU.ActiveCfg = Debug|Any CPU
		{17FAC2C0-7AC7-4F16-A26E-28BBCACEF81F}.Debug|Any CPU.Build.0 = Debug|Any CPU
		{17FAC2C0-7AC7-4F16-A26E-28BBCACEF81F}.Release|Any CPU.ActiveCfg = Release|Any CPU
		{17FAC2C0-7AC7-4F16-A26E-28BBCACEF81F}.Release|Any CPU.Build.0 = Release|Any CPU
	EndGlobalSection
	GlobalSection(SolutionProperties) = preSolution
		HideSolutionNode = FALSE
	EndGlobalSection
	GlobalSection(ExtensibilityGlobals) = postSolution
		SolutionGuid = {A0B250E8-4037-420B-A90C-B373DA3D1A8E}
	EndGlobalSection
EndGlobal
